// !$*UTF8*$!
{
	archiveVersion = 1;
	classes = {
	};
	objectVersion = 50;
	objects = {

/* Begin PBXBuildFile section */
		2171DC2525C2584500238530 /* NoteViewController.swift in Sources */ = {isa = PBXBuildFile; fileRef = 2171DC2425C2584500238530 /* NoteViewController.swift */; };
		2171DC2A25C25F5300238530 /* EntryViewController.swift in Sources */ = {isa = PBXBuildFile; fileRef = 2171DC2025C257E800238530 /* EntryViewController.swift */; };
		21B0B21F25C22A1400C7781E /* AppDelegate.swift in Sources */ = {isa = PBXBuildFile; fileRef = 21B0B21E25C22A1400C7781E /* AppDelegate.swift */; };
		21B0B22125C22A1400C7781E /* SceneDelegate.swift in Sources */ = {isa = PBXBuildFile; fileRef = 21B0B22025C22A1400C7781E /* SceneDelegate.swift */; };
		21B0B22325C22A1400C7781E /* ViewController.swift in Sources */ = {isa = PBXBuildFile; fileRef = 21B0B22225C22A1400C7781E /* ViewController.swift */; };
		21B0B22625C22A1400C7781E /* Main.storyboard in Resources */ = {isa = PBXBuildFile; fileRef = 21B0B22425C22A1400C7781E /* Main.storyboard */; };
		21B0B22825C22A1500C7781E /* Assets.xcassets in Resources */ = {isa = PBXBuildFile; fileRef = 21B0B22725C22A1500C7781E /* Assets.xcassets */; };
		21B0B22B25C22A1500C7781E /* LaunchScreen.storyboard in Resources */ = {isa = PBXBuildFile; fileRef = 21B0B22925C22A1500C7781E /* LaunchScreen.storyboard */; };
		21DF3C3225CB468A00F3DCBC /* AddCategoryVC.swift in Sources */ = {isa = PBXBuildFile; fileRef = 21DF3C3125CB468A00F3DCBC /* AddCategoryVC.swift */; };
		21DF3C3525CB46F500F3DCBC /* AllNotesTableViewController.swift in Sources */ = {isa = PBXBuildFile; fileRef = 21DF3C3425CB46F500F3DCBC /* AllNotesTableViewController.swift */; };
		21DF3C3825CB47B400F3DCBC /* Constants.swift in Sources */ = {isa = PBXBuildFile; fileRef = 21DF3C3725CB47B400F3DCBC /* Constants.swift */; };
		21DF3C3B25CB47E000F3DCBC /* Notes.swift in Sources */ = {isa = PBXBuildFile; fileRef = 21DF3C3A25CB47E000F3DCBC /* Notes.swift */; };
		21DF3C3E25CB487000F3DCBC /* AddNoteVC.swift in Sources */ = {isa = PBXBuildFile; fileRef = 21DF3C3D25CB487000F3DCBC /* AddNoteVC.swift */; };
		21DF3C4125CB489800F3DCBC /* NotesCell.swift in Sources */ = {isa = PBXBuildFile; fileRef = 21DF3C4025CB489800F3DCBC /* NotesCell.swift */; };
		21DF3C4425CB494F00F3DCBC /* MapVCViewController.swift in Sources */ = {isa = PBXBuildFile; fileRef = 21DF3C4325CB494F00F3DCBC /* MapVCViewController.swift */; };
		21DF3C4725CB4AA200F3DCBC /* ViewNotesVC.swift in Sources */ = {isa = PBXBuildFile; fileRef = 21DF3C4625CB4AA200F3DCBC /* ViewNotesVC.swift */; };
		21DF3C4A25CB4AEC00F3DCBC /* tabbarViewController.swift in Sources */ = {isa = PBXBuildFile; fileRef = 21DF3C4925CB4AEC00F3DCBC /* tabbarViewController.swift */; };
		21DF3C5125CB4FB900F3DCBC /* note_technocrates_iOS.xcdatamodeld in Sources */ = {isa = PBXBuildFile; fileRef = 21DF3C4F25CB4FB900F3DCBC /* note_technocrates_iOS.xcdatamodeld */; };
/* End PBXBuildFile section */

/* Begin PBXFileReference section */
		2171DC2025C257E800238530 /* EntryViewController.swift */ = {isa = PBXFileReference; lastKnownFileType = sourcecode.swift; path = EntryViewController.swift; sourceTree = "<group>"; };
		2171DC2425C2584500238530 /* NoteViewController.swift */ = {isa = PBXFileReference; lastKnownFileType = sourcecode.swift; path = NoteViewController.swift; sourceTree = "<group>"; };
		21B0B21B25C22A1400C7781E /* note_technocrates_iOS.app */ = {isa = PBXFileReference; explicitFileType = wrapper.application; includeInIndex = 0; path = note_technocrates_iOS.app; sourceTree = BUILT_PRODUCTS_DIR; };
		21B0B21E25C22A1400C7781E /* AppDelegate.swift */ = {isa = PBXFileReference; lastKnownFileType = sourcecode.swift; path = AppDelegate.swift; sourceTree = "<group>"; };
		21B0B22025C22A1400C7781E /* SceneDelegate.swift */ = {isa = PBXFileReference; lastKnownFileType = sourcecode.swift; path = SceneDelegate.swift; sourceTree = "<group>"; };
		21B0B22225C22A1400C7781E /* ViewController.swift */ = {isa = PBXFileReference; lastKnownFileType = sourcecode.swift; path = ViewController.swift; sourceTree = "<group>"; };
		21B0B22525C22A1400C7781E /* Base */ = {isa = PBXFileReference; lastKnownFileType = file.storyboard; name = Base; path = Base.lproj/Main.storyboard; sourceTree = "<group>"; };
		21B0B22725C22A1500C7781E /* Assets.xcassets */ = {isa = PBXFileReference; lastKnownFileType = folder.assetcatalog; path = Assets.xcassets; sourceTree = "<group>"; };
		21B0B22A25C22A1500C7781E /* Base */ = {isa = PBXFileReference; lastKnownFileType = file.storyboard; name = Base; path = Base.lproj/LaunchScreen.storyboard; sourceTree = "<group>"; };
		21B0B22C25C22A1500C7781E /* Info.plist */ = {isa = PBXFileReference; lastKnownFileType = text.plist.xml; path = Info.plist; sourceTree = "<group>"; };
		21DF3C3125CB468A00F3DCBC /* AddCategoryVC.swift */ = {isa = PBXFileReference; lastKnownFileType = sourcecode.swift; path = AddCategoryVC.swift; sourceTree = "<group>"; };
		21DF3C3425CB46F500F3DCBC /* AllNotesTableViewController.swift */ = {isa = PBXFileReference; lastKnownFileType = sourcecode.swift; path = AllNotesTableViewController.swift; sourceTree = "<group>"; };
		21DF3C3725CB47B400F3DCBC /* Constants.swift */ = {isa = PBXFileReference; lastKnownFileType = sourcecode.swift; path = Constants.swift; sourceTree = "<group>"; };
		21DF3C3A25CB47E000F3DCBC /* Notes.swift */ = {isa = PBXFileReference; lastKnownFileType = sourcecode.swift; path = Notes.swift; sourceTree = "<group>"; };
		21DF3C3D25CB487000F3DCBC /* AddNoteVC.swift */ = {isa = PBXFileReference; lastKnownFileType = sourcecode.swift; path = AddNoteVC.swift; sourceTree = "<group>"; };
		21DF3C4025CB489800F3DCBC /* NotesCell.swift */ = {isa = PBXFileReference; lastKnownFileType = sourcecode.swift; path = NotesCell.swift; sourceTree = "<group>"; };
		21DF3C4325CB494F00F3DCBC /* MapVCViewController.swift */ = {isa = PBXFileReference; lastKnownFileType = sourcecode.swift; path = MapVCViewController.swift; sourceTree = "<group>"; };
		21DF3C4625CB4AA200F3DCBC /* ViewNotesVC.swift */ = {isa = PBXFileReference; lastKnownFileType = sourcecode.swift; path = ViewNotesVC.swift; sourceTree = "<group>"; };
		21DF3C4925CB4AEC00F3DCBC /* tabbarViewController.swift */ = {isa = PBXFileReference; lastKnownFileType = sourcecode.swift; path = tabbarViewController.swift; sourceTree = "<group>"; };
		21DF3C5025CB4FB900F3DCBC /* NoteIt.xcdatamodel */ = {isa = PBXFileReference; lastKnownFileType = wrapper.xcdatamodel; path = NoteIt.xcdatamodel; sourceTree = "<group>"; };
/* End PBXFileReference section */

/* Begin PBXFrameworksBuildPhase section */
		21B0B21825C22A1400C7781E /* Frameworks */ = {
			isa = PBXFrameworksBuildPhase;
			buildActionMask = 2147483647;
			files = (
			);
			runOnlyForDeploymentPostprocessing = 0;
		};
/* End PBXFrameworksBuildPhase section */

/* Begin PBXGroup section */
		21B0B21225C22A1400C7781E = {
			isa = PBXGroup;
			children = (
				21B0B21D25C22A1400C7781E /* note_technocrates_iOS */,
				21DF3C4E25CB4EA000F3DCBC /* SO */,
				21B0B21C25C22A1400C7781E /* Products */,
			);
			sourceTree = "<group>";
		};
		21B0B21C25C22A1400C7781E /* Products */ = {
			isa = PBXGroup;
			children = (
				21B0B21B25C22A1400C7781E /* note_technocrates_iOS.app */,
			);
			name = Products;
			sourceTree = "<group>";
		};
		21B0B21D25C22A1400C7781E /* note_technocrates_iOS */ = {
			isa = PBXGroup;
			children = (
				21B0B22425C22A1400C7781E /* Main.storyboard */,
				21DF3C4D25CB4C0700F3DCBC /* VC */,
				21DF3C4025CB489800F3DCBC /* NotesCell.swift */,
				21DF3C3125CB468A00F3DCBC /* AddCategoryVC.swift */,
				2171DC2425C2584500238530 /* NoteViewController.swift */,
				21DF3C3425CB46F500F3DCBC /* AllNotesTableViewController.swift */,
				21DF3C3D25CB487000F3DCBC /* AddNoteVC.swift */,
				21DF3C4625CB4AA200F3DCBC /* ViewNotesVC.swift */,
				2171DC2025C257E800238530 /* EntryViewController.swift */,
				21DF3C4325CB494F00F3DCBC /* MapVCViewController.swift */,
				21DF3C4925CB4AEC00F3DCBC /* tabbarViewController.swift */,
				21DF3C4F25CB4FB900F3DCBC /* note_technocrates_iOS.xcdatamodeld */,
				21DF3C4C25CB4B3D00F3DCBC /* utility */,
			);
			path = note_technocrates_iOS;
			sourceTree = "<group>";
		};
		21DF3C4C25CB4B3D00F3DCBC /* utility */ = {
			isa = PBXGroup;
			children = (
				21DF3C3A25CB47E000F3DCBC /* Notes.swift */,
				21DF3C3725CB47B400F3DCBC /* Constants.swift */,
			);
			path = utility;
			sourceTree = "<group>";
		};
		21DF3C4D25CB4C0700F3DCBC /* VC */ = {
			isa = PBXGroup;
			children = (
			);
			path = VC;
			sourceTree = "<group>";
		};
		21DF3C4E25CB4EA000F3DCBC /* SO */ = {
			isa = PBXGroup;
			children = (
				21B0B21E25C22A1400C7781E /* AppDelegate.swift */,
				21B0B22025C22A1400C7781E /* SceneDelegate.swift */,
				21B0B22925C22A1500C7781E /* LaunchScreen.storyboard */,
				21B0B22225C22A1400C7781E /* ViewController.swift */,
				21B0B22725C22A1500C7781E /* Assets.xcassets */,
				21B0B22C25C22A1500C7781E /* Info.plist */,
			);
			path = SO;
			sourceTree = "<group>";
		};
/* End PBXGroup section */

/* Begin PBXNativeTarget section */
		21B0B21A25C22A1400C7781E /* note_technocrates_iOS */ = {
			isa = PBXNativeTarget;
			buildConfigurationList = 21B0B22F25C22A1500C7781E /* Build configuration list for PBXNativeTarget "note_technocrates_iOS" */;
			buildPhases = (
				21B0B21725C22A1400C7781E /* Sources */,
				21B0B21825C22A1400C7781E /* Frameworks */,
				21B0B21925C22A1400C7781E /* Resources */,
			);
			buildRules = (
			);
			dependencies = (
			);
			name = note_technocrates_iOS;
			productName = note_technocrates_iOS;
			productReference = 21B0B21B25C22A1400C7781E /* note_technocrates_iOS.app */;
			productType = "com.apple.product-type.application";
		};
/* End PBXNativeTarget section */

/* Begin PBXProject section */
		21B0B21325C22A1400C7781E /* Project object */ = {
			isa = PBXProject;
			attributes = {
				LastSwiftUpdateCheck = 1220;
				LastUpgradeCheck = 1220;
				TargetAttributes = {
					21B0B21A25C22A1400C7781E = {
						CreatedOnToolsVersion = 12.2;
					};
				};
			};
			buildConfigurationList = 21B0B21625C22A1400C7781E /* Build configuration list for PBXProject "note_technocrates_iOS" */;
			compatibilityVersion = "Xcode 9.3";
			developmentRegion = en;
			hasScannedForEncodings = 0;
			knownRegions = (
				en,
				Base,
			);
			mainGroup = 21B0B21225C22A1400C7781E;
			productRefGroup = 21B0B21C25C22A1400C7781E /* Products */;
			projectDirPath = "";
			projectRoot = "";
			targets = (
				21B0B21A25C22A1400C7781E /* note_technocrates_iOS */,
			);
		};
/* End PBXProject section */

/* Begin PBXResourcesBuildPhase section */
		21B0B21925C22A1400C7781E /* Resources */ = {
			isa = PBXResourcesBuildPhase;
			buildActionMask = 2147483647;
			files = (
				21B0B22B25C22A1500C7781E /* LaunchScreen.storyboard in Resources */,
				21B0B22825C22A1500C7781E /* Assets.xcassets in Resources */,
				21B0B22625C22A1400C7781E /* Main.storyboard in Resources */,
			);
			runOnlyForDeploymentPostprocessing = 0;
		};
/* End PBXResourcesBuildPhase section */

/* Begin PBXSourcesBuildPhase section */
		21B0B21725C22A1400C7781E /* Sources */ = {
			isa = PBXSourcesBuildPhase;
			buildActionMask = 2147483647;
			files = (
				21DF3C3225CB468A00F3DCBC /* AddCategoryVC.swift in Sources */,
				21B0B22325C22A1400C7781E /* ViewController.swift in Sources */,
				21DF3C5125CB4FB900F3DCBC /* note_technocrates_iOS.xcdatamodeld in Sources */,
				21DF3C4425CB494F00F3DCBC /* MapVCViewController.swift in Sources */,
				21DF3C3E25CB487000F3DCBC /* AddNoteVC.swift in Sources */,
				2171DC2A25C25F5300238530 /* EntryViewController.swift in Sources */,
				21B0B21F25C22A1400C7781E /* AppDelegate.swift in Sources */,
				21DF3C4A25CB4AEC00F3DCBC /* tabbarViewController.swift in Sources */,
				2171DC2525C2584500238530 /* NoteViewController.swift in Sources */,
				21DF3C3B25CB47E000F3DCBC /* Notes.swift in Sources */,
				21DF3C3525CB46F500F3DCBC /* AllNotesTableViewController.swift in Sources */,
				21DF3C4725CB4AA200F3DCBC /* ViewNotesVC.swift in Sources */,
				21B0B22125C22A1400C7781E /* SceneDelegate.swift in Sources */,
				21DF3C3825CB47B400F3DCBC /* Constants.swift in Sources */,
				21DF3C4125CB489800F3DCBC /* NotesCell.swift in Sources */,
			);
			runOnlyForDeploymentPostprocessing = 0;
		};
/* End PBXSourcesBuildPhase section */

/* Begin PBXVariantGroup section */
		21B0B22425C22A1400C7781E /* Main.storyboard */ = {
			isa = PBXVariantGroup;
			children = (
				21B0B22525C22A1400C7781E /* Base */,
			);
			name = Main.storyboard;
			sourceTree = "<group>";
		};
		21B0B22925C22A1500C7781E /* LaunchScreen.storyboard */ = {
			isa = PBXVariantGroup;
			children = (
				21B0B22A25C22A1500C7781E /* Base */,
			);
			name = LaunchScreen.storyboard;
			sourceTree = "<group>";
		};
/* End PBXVariantGroup section */

/* Begin XCBuildConfiguration section */
		21B0B22D25C22A1500C7781E /* Debug */ = {
			isa = XCBuildConfiguration;
			buildSettings = {
				ALWAYS_SEARCH_USER_PATHS = NO;
				CLANG_ANALYZER_NONNULL = YES;
				CLANG_ANALYZER_NUMBER_OBJECT_CONVERSION = YES_AGGRESSIVE;
				CLANG_CXX_LANGUAGE_STANDARD = "gnu++14";
				CLANG_CXX_LIBRARY = "libc++";
				CLANG_ENABLE_MODULES = YES;
				CLANG_ENABLE_OBJC_ARC = YES;
				CLANG_ENABLE_OBJC_WEAK = YES;
				CLANG_WARN_BLOCK_CAPTURE_AUTORELEASING = YES;
				CLANG_WARN_BOOL_CONVERSION = YES;
				CLANG_WARN_COMMA = YES;
				CLANG_WARN_CONSTANT_CONVERSION = YES;
				CLANG_WARN_DEPRECATED_OBJC_IMPLEMENTATIONS = YES;
				CLANG_WARN_DIRECT_OBJC_ISA_USAGE = YES_ERROR;
				CLANG_WARN_DOCUMENTATION_COMMENTS = YES;
				CLANG_WARN_EMPTY_BODY = YES;
				CLANG_WARN_ENUM_CONVERSION = YES;
				CLANG_WARN_INFINITE_RECURSION = YES;
				CLANG_WARN_INT_CONVERSION = YES;
				CLANG_WARN_NON_LITERAL_NULL_CONVERSION = YES;
				CLANG_WARN_OBJC_IMPLICIT_RETAIN_SELF = YES;
				CLANG_WARN_OBJC_LITERAL_CONVERSION = YES;
				CLANG_WARN_OBJC_ROOT_CLASS = YES_ERROR;
				CLANG_WARN_QUOTED_INCLUDE_IN_FRAMEWORK_HEADER = YES;
				CLANG_WARN_RANGE_LOOP_ANALYSIS = YES;
				CLANG_WARN_STRICT_PROTOTYPES = YES;
				CLANG_WARN_SUSPICIOUS_MOVE = YES;
				CLANG_WARN_UNGUARDED_AVAILABILITY = YES_AGGRESSIVE;
				CLANG_WARN_UNREACHABLE_CODE = YES;
				CLANG_WARN__DUPLICATE_METHOD_MATCH = YES;
				COPY_PHASE_STRIP = NO;
				DEBUG_INFORMATION_FORMAT = dwarf;
				ENABLE_STRICT_OBJC_MSGSEND = YES;
				ENABLE_TESTABILITY = YES;
				GCC_C_LANGUAGE_STANDARD = gnu11;
				GCC_DYNAMIC_NO_PIC = NO;
				GCC_NO_COMMON_BLOCKS = YES;
				GCC_OPTIMIZATION_LEVEL = 0;
				GCC_PREPROCESSOR_DEFINITIONS = (
					"DEBUG=1",
					"$(inherited)",
				);
				GCC_WARN_64_TO_32_BIT_CONVERSION = YES;
				GCC_WARN_ABOUT_RETURN_TYPE = YES_ERROR;
				GCC_WARN_UNDECLARED_SELECTOR = YES;
				GCC_WARN_UNINITIALIZED_AUTOS = YES_AGGRESSIVE;
				GCC_WARN_UNUSED_FUNCTION = YES;
				GCC_WARN_UNUSED_VARIABLE = YES;
				IPHONEOS_DEPLOYMENT_TARGET = 14.2;
				MTL_ENABLE_DEBUG_INFO = INCLUDE_SOURCE;
				MTL_FAST_MATH = YES;
				ONLY_ACTIVE_ARCH = YES;
				SDKROOT = iphoneos;
				SWIFT_ACTIVE_COMPILATION_CONDITIONS = DEBUG;
				SWIFT_OPTIMIZATION_LEVEL = "-Onone";
			};
			name = Debug;
		};
		21B0B22E25C22A1500C7781E /* Release */ = {
			isa = XCBuildConfiguration;
			buildSettings = {
				ALWAYS_SEARCH_USER_PATHS = NO;
				CLANG_ANALYZER_NONNULL = YES;
				CLANG_ANALYZER_NUMBER_OBJECT_CONVERSION = YES_AGGRESSIVE;
				CLANG_CXX_LANGUAGE_STANDARD = "gnu++14";
				CLANG_CXX_LIBRARY = "libc++";
				CLANG_ENABLE_MODULES = YES;
				CLANG_ENABLE_OBJC_ARC = YES;
				CLANG_ENABLE_OBJC_WEAK = YES;
				CLANG_WARN_BLOCK_CAPTURE_AUTORELEASING = YES;
				CLANG_WARN_BOOL_CONVERSION = YES;
				CLANG_WARN_COMMA = YES;
				CLANG_WARN_CONSTANT_CONVERSION = YES;
				CLANG_WARN_DEPRECATED_OBJC_IMPLEMENTATIONS = YES;
				CLANG_WARN_DIRECT_OBJC_ISA_USAGE = YES_ERROR;
				CLANG_WARN_DOCUMENTATION_COMMENTS = YES;
				CLANG_WARN_EMPTY_BODY = YES;
				CLANG_WARN_ENUM_CONVERSION = YES;
				CLANG_WARN_INFINITE_RECURSION = YES;
				CLANG_WARN_INT_CONVERSION = YES;
				CLANG_WARN_NON_LITERAL_NULL_CONVERSION = YES;
				CLANG_WARN_OBJC_IMPLICIT_RETAIN_SELF = YES;
				CLANG_WARN_OBJC_LITERAL_CONVERSION = YES;
				CLANG_WARN_OBJC_ROOT_CLASS = YES_ERROR;
				CLANG_WARN_QUOTED_INCLUDE_IN_FRAMEWORK_HEADER = YES;
				CLANG_WARN_RANGE_LOOP_ANALYSIS = YES;
				CLANG_WARN_STRICT_PROTOTYPES = YES;
				CLANG_WARN_SUSPICIOUS_MOVE = YES;
				CLANG_WARN_UNGUARDED_AVAILABILITY = YES_AGGRESSIVE;
				CLANG_WARN_UNREACHABLE_CODE = YES;
				CLANG_WARN__DUPLICATE_METHOD_MATCH = YES;
				COPY_PHASE_STRIP = NO;
				DEBUG_INFORMATION_FORMAT = "dwarf-with-dsym";
				ENABLE_NS_ASSERTIONS = NO;
				ENABLE_STRICT_OBJC_MSGSEND = YES;
				GCC_C_LANGUAGE_STANDARD = gnu11;
				GCC_NO_COMMON_BLOCKS = YES;
				GCC_WARN_64_TO_32_BIT_CONVERSION = YES;
				GCC_WARN_ABOUT_RETURN_TYPE = YES_ERROR;
				GCC_WARN_UNDECLARED_SELECTOR = YES;
				GCC_WARN_UNINITIALIZED_AUTOS = YES_AGGRESSIVE;
				GCC_WARN_UNUSED_FUNCTION = YES;
				GCC_WARN_UNUSED_VARIABLE = YES;
				IPHONEOS_DEPLOYMENT_TARGET = 14.2;
				MTL_ENABLE_DEBUG_INFO = NO;
				MTL_FAST_MATH = YES;
				SDKROOT = iphoneos;
				SWIFT_COMPILATION_MODE = wholemodule;
				SWIFT_OPTIMIZATION_LEVEL = "-O";
				VALIDATE_PRODUCT = YES;
			};
			name = Release;
		};
		21B0B23025C22A1500C7781E /* Debug */ = {
			isa = XCBuildConfiguration;
			buildSettings = {
				ASSETCATALOG_COMPILER_APPICON_NAME = AppIcon;
				ASSETCATALOG_COMPILER_GLOBAL_ACCENT_COLOR_NAME = AccentColor;
				CODE_SIGN_STYLE = Automatic;
				DEVELOPMENT_TEAM = A749N68468;
				INFOPLIST_FILE = note_technocrates_iOS/Info.plist;
				LD_RUNPATH_SEARCH_PATHS = (
					"$(inherited)",
					"@executable_path/Frameworks",
				);
				PRODUCT_BUNDLE_IDENTIFIER = "Technocrates.note-technocrates-iOS";
				PRODUCT_NAME = "$(TARGET_NAME)";
				SWIFT_VERSION = 5.0;
				TARGETED_DEVICE_FAMILY = "1,2";
			};
			name = Debug;
		};
		21B0B23125C22A1500C7781E /* Release */ = {
			isa = XCBuildConfiguration;
			buildSettings = {
				ASSETCATALOG_COMPILER_APPICON_NAME = AppIcon;
				ASSETCATALOG_COMPILER_GLOBAL_ACCENT_COLOR_NAME = AccentColor;
				CODE_SIGN_STYLE = Automatic;
				DEVELOPMENT_TEAM = A749N68468;
				INFOPLIST_FILE = note_technocrates_iOS/Info.plist;
				LD_RUNPATH_SEARCH_PATHS = (
					"$(inherited)",
					"@executable_path/Frameworks",
				);
				PRODUCT_BUNDLE_IDENTIFIER = "Technocrates.note-technocrates-iOS";
				PRODUCT_NAME = "$(TARGET_NAME)";
				SWIFT_VERSION = 5.0;
				TARGETED_DEVICE_FAMILY = "1,2";
			};
			name = Release;
		};
/* End XCBuildConfiguration section */

/* Begin XCConfigurationList section */
		21B0B21625C22A1400C7781E /* Build configuration list for PBXProject "note_technocrates_iOS" */ = {
			isa = XCConfigurationList;
			buildConfigurations = (
				21B0B22D25C22A1500C7781E /* Debug */,
				21B0B22E25C22A1500C7781E /* Release */,
			);
			defaultConfigurationIsVisible = 0;
			defaultConfigurationName = Release;
		};
		21B0B22F25C22A1500C7781E /* Build configuration list for PBXNativeTarget "note_technocrates_iOS" */ = {
			isa = XCConfigurationList;
			buildConfigurations = (
				21B0B23025C22A1500C7781E /* Debug */,
				21B0B23125C22A1500C7781E /* Release */,
			);
			defaultConfigurationIsVisible = 0;
			defaultConfigurationName = Release;
		};
/* End XCConfigurationList section */

/* Begin XCVersionGroup section */
		21DF3C4F25CB4FB900F3DCBC /* note_technocrates_iOS.xcdatamodeld */ = {
			isa = XCVersionGroup;
			children = (
				21DF3C5025CB4FB900F3DCBC /* NoteIt.xcdatamodel */,
			);
			currentVersion = 21DF3C5025CB4FB900F3DCBC /* NoteIt.xcdatamodel */;
			path = note_technocrates_iOS.xcdatamodeld;
			sourceTree = "<group>";
			versionGroupType = wrapper.xcdatamodel;
		};
/* End XCVersionGroup section */
	};
	rootObject = 21B0B21325C22A1400C7781E /* Project object */;
}
